
Microsoft Visual Studio Solution File, Format Version 12.00
# Visual Studio Version 17
VisualStudioVersion = 17.9.34622.214
MinimumVisualStudioVersion = 10.0.40219.1
Project("{9A19103F-16F7-4668-BE54-9A1E7A4F7556}") = "SalaryInsights", "SalaryInsights\SalaryInsights.csproj", "{2C046E3B-3008-46C5-9F90-E44B0DD94014}"
EndProject
Project("{54A90642-561A-4BB1-A94E-469ADEE60C69}") = "SalaryInsights.Web", "SalaryInsights.Web\SalaryInsights.Web.esproj", "{7D5CBC4A-12BA-408C-AE4D-2791518E5AF0}"
EndProject
Global
	GlobalSection(SolutionConfigurationPlatforms) = preSolution
		Debug|Any CPU = Debug|Any CPU
		Release|Any CPU = Release|Any CPU
	EndGlobalSection
	GlobalSection(ProjectConfigurationPlatforms) = postSolution
		{2C046E3B-3008-46C5-9F90-E44B0DD94014}.Debug|Any CPU.ActiveCfg = Debug|Any CPU
		{2C046E3B-3008-46C5-9F90-E44B0DD94014}.Debug|Any CPU.Build.0 = Debug|Any CPU
		{2C046E3B-3008-46C5-9F90-E44B0DD94014}.Release|Any CPU.ActiveCfg = Release|Any CPU
		{2C046E3B-3008-46C5-9F90-E44B0DD94014}.Release|Any CPU.Build.0 = Release|Any CPU
		{7D5CBC4A-12BA-408C-AE4D-2791518E5AF0}.Debug|Any CPU.ActiveCfg = Debug|Any CPU
		{7D5CBC4A-12BA-408C-AE4D-2791518E5AF0}.Debug|Any CPU.Build.0 = Debug|Any CPU
		{7D5CBC4A-12BA-408C-AE4D-2791518E5AF0}.Debug|Any CPU.Deploy.0 = Debug|Any CPU
		{7D5CBC4A-12BA-408C-AE4D-2791518E5AF0}.Release|Any CPU.ActiveCfg = Release|Any CPU
		{7D5CBC4A-12BA-408C-AE4D-2791518E5AF0}.Release|Any CPU.Build.0 = Release|Any CPU
		{7D5CBC4A-12BA-408C-AE4D-2791518E5AF0}.Release|Any CPU.Deploy.0 = Release|Any CPU
	EndGlobalSection
	GlobalSection(SolutionProperties) = preSolution
		HideSolutionNode = FALSE
	EndGlobalSection
	GlobalSection(ExtensibilityGlobals) = postSolution
		SolutionGuid = {E276288A-D47C-42D8-868D-E70368558F7E}
	EndGlobalSection
EndGlobal
